
Microsoft Visual Studio Solution File, Format Version 12.00
# Visual Studio 2013
VisualStudioVersion = 12.0.21005.1
MinimumVisualStudioVersion = 10.0.40219.1
Project("{8BC9CEB8-8B4A-11D0-8D11-00A0C91BC942}") = "正数数组的最小不可组成和", "正数数组的最小不可组成和\正数数组的最小不可组成和.vcxproj", "{74AF63A6-78CA-4CCE-A33B-C91C31578C5D}"
EndProject
Global
	GlobalSection(SolutionConfigurationPlatforms) = preSolution
		Debug|Win32 = Debug|Win32
		Release|Win32 = Release|Win32
	EndGlobalSection
	GlobalSection(ProjectConfigurationPlatforms) = postSolution
		{74AF63A6-78CA-4CCE-A33B-C91C31578C5D}.Debug|Win32.ActiveCfg = Debug|Win32
		{74AF63A6-78CA-4CCE-A33B-C91C31578C5D}.Debug|Win32.Build.0 = Debug|Win32
		{74AF63A6-78CA-4CCE-A33B-C91C31578C5D}.Release|Win32.ActiveCfg = Release|Win32
		{74AF63A6-78CA-4CCE-A33B-C91C31578C5D}.Release|Win32.Build.0 = Release|Win32
	EndGlobalSection
	GlobalSection(SolutionProperties) = preSolution
		HideSolutionNode = FALSE
	EndGlobalSection
EndGlobal
