
Microsoft Visual Studio Solution File, Format Version 12.00
# Visual Studio 2013
VisualStudioVersion = 12.0.21005.1
MinimumVisualStudioVersion = 10.0.40219.1
Project("{8BC9CEB8-8B4A-11D0-8D11-00A0C91BC942}") = "连续最大正数和", "连续最大正数和\连续最大正数和.vcxproj", "{BDE234CA-2FCF-4548-AE5D-FB69E5FAB683}"
EndProject
Global
	GlobalSection(SolutionConfigurationPlatforms) = preSolution
		Debug|Win32 = Debug|Win32
		Release|Win32 = Release|Win32
	EndGlobalSection
	GlobalSection(ProjectConfigurationPlatforms) = postSolution
		{BDE234CA-2FCF-4548-AE5D-FB69E5FAB683}.Debug|Win32.ActiveCfg = Debug|Win32
		{BDE234CA-2FCF-4548-AE5D-FB69E5FAB683}.Debug|Win32.Build.0 = Debug|Win32
		{BDE234CA-2FCF-4548-AE5D-FB69E5FAB683}.Release|Win32.ActiveCfg = Release|Win32
		{BDE234CA-2FCF-4548-AE5D-FB69E5FAB683}.Release|Win32.Build.0 = Release|Win32
	EndGlobalSection
	GlobalSection(SolutionProperties) = preSolution
		HideSolutionNode = FALSE
	EndGlobalSection
EndGlobal
