
Microsoft Visual Studio Solution File, Format Version 12.00
# Visual Studio 2013
VisualStudioVersion = 12.0.21005.1
MinimumVisualStudioVersion = 10.0.40219.1
Project("{8BC9CEB8-8B4A-11D0-8D11-00A0C91BC942}") = "计算糖果", "计算糖果\计算糖果.vcxproj", "{C84E5065-5F64-4330-8621-1871D1C6CC2F}"
EndProject
Global
	GlobalSection(SolutionConfigurationPlatforms) = preSolution
		Debug|Win32 = Debug|Win32
		Release|Win32 = Release|Win32
	EndGlobalSection
	GlobalSection(ProjectConfigurationPlatforms) = postSolution
		{C84E5065-5F64-4330-8621-1871D1C6CC2F}.Debug|Win32.ActiveCfg = Debug|Win32
		{C84E5065-5F64-4330-8621-1871D1C6CC2F}.Debug|Win32.Build.0 = Debug|Win32
		{C84E5065-5F64-4330-8621-1871D1C6CC2F}.Release|Win32.ActiveCfg = Release|Win32
		{C84E5065-5F64-4330-8621-1871D1C6CC2F}.Release|Win32.Build.0 = Release|Win32
	EndGlobalSection
	GlobalSection(SolutionProperties) = preSolution
		HideSolutionNode = FALSE
	EndGlobalSection
EndGlobal
